
Microsoft Visual Studio Solution File, Format Version 12.00
# Visual Studio Version 17
VisualStudioVersion = 17.9.34728.123
MinimumVisualStudioVersion = 10.0.40219.1
Project("{FAE04EC0-301F-11D3-BF4B-00C04F79EFBC}") = "Collections.Web", "Collections.Web\Collections.Web.csproj", "{A9D9F05D-2CA9-429A-A576-2C1F68591671}"
EndProject
Global
	GlobalSection(SolutionConfigurationPlatforms) = preSolution
		Debug|Any CPU = Debug|Any CPU
		Release|Any CPU = Release|Any CPU
	EndGlobalSection
	GlobalSection(ProjectConfigurationPlatforms) = postSolution
		{A9D9F05D-2CA9-429A-A576-2C1F68591671}.Debug|Any CPU.ActiveCfg = Debug|Any CPU
		{A9D9F05D-2CA9-429A-A576-2C1F68591671}.Debug|Any CPU.Build.0 = Debug|Any CPU
		{A9D9F05D-2CA9-429A-A576-2C1F68591671}.Release|Any CPU.ActiveCfg = Release|Any CPU
		{A9D9F05D-2CA9-429A-A576-2C1F68591671}.Release|Any CPU.Build.0 = Release|Any CPU
	EndGlobalSection
	GlobalSection(SolutionProperties) = preSolution
		HideSolutionNode = FALSE
	EndGlobalSection
	GlobalSection(ExtensibilityGlobals) = postSolution
		SolutionGuid = {903C9B2F-7E7E-4DB4-8B0C-CB232B475FB3}
	EndGlobalSection
EndGlobal
